<?xml version="1.0" encoding="utf-8"?>
<Project ToolsVersion="4.0" xmlns="http://schemas.microsoft.com/developer/msbuild/2003">
  <ItemGroup>
    <Filter Include="Quelldateien">
      <UniqueIdentifier>{4FC737F1-C7A5-4376-A066-2A32D752A2FF}</UniqueIdentifier>
      <Extensions>cpp;c;cc;cxx;c++;cppm;ixx;def;odl;idl;hpj;bat;asm;asmx</Extensions>
    </Filter>
    <Filter Include="Headerdateien">
      <UniqueIdentifier>{93995380-89BD-4b04-88EB-625FBE52EBFB}</UniqueIdentifier>
      <Extensions>h;hh;hpp;hxx;h++;hm;inl;inc;ipp;xsd</Extensions>
    </Filter>
    <Filter Include="Ressourcendateien">
      <UniqueIdentifier>{67DA6AB6-F800-4c08-8B7A-83BB121AAD01}</UniqueIdentifier>
      <Extensions>rc;ico;cur;bmp;dlg;rc2;rct;bin;rgs;gif;jpg;jpeg;jpe;resx;tiff;tif;png;wav;mfcribbon-ms</Extensions>
    </Filter>
    <Filter Include="Headerdateien\UI">
      <UniqueIdentifier>{aa3c24c8-61ae-4984-85c8-b09e38ce2de3}</UniqueIdentifier>
    </Filter>
    <Filter Include="Quelldateien\imgui">
      <UniqueIdentifier>{dcff76d2-20c1-453a-b520-2a23fb22f688}</UniqueIdentifier>
    </Filter>
    <Filter Include="shaders">
      <UniqueIdentifier>{32a83f3c-0cc9-41df-8773-ac070f6b2857}</UniqueIdentifier>
    </Filter>
  </ItemGroup>
  <ItemGroup>
    <ClCompile Include="main.cpp">
      <Filter>Quelldateien</Filter>
    </ClCompile>
    <ClCompile Include="glad.c">
      <Filter>Quelldateien</Filter>
    </ClCompile>
    <ClCompile Include="TextEditor.cpp">
      <Filter>Quelldateien</Filter>
    </ClCompile>
    <ClCompile Include="imgui\imgui.cpp">
      <Filter>Quelldateien\imgui</Filter>
    </ClCompile>
    <ClCompile Include="imgui\imgui_demo.cpp">
      <Filter>Quelldateien\imgui</Filter>
    </ClCompile>
    <ClCompile Include="imgui\imgui_draw.cpp">
      <Filter>Quelldateien\imgui</Filter>
    </ClCompile>
    <ClCompile Include="imgui\imgui_impl_glfw.cpp">
      <Filter>Quelldateien\imgui</Filter>
    </ClCompile>
    <ClCompile Include="imgui\imgui_impl_opengl3.cpp">
      <Filter>Quelldateien\imgui</Filter>
    </ClCompile>
    <ClCompile Include="imgui\imgui_tables.cpp">
      <Filter>Quelldateien\imgui</Filter>
    </ClCompile>
    <ClCompile Include="imgui\imgui_widgets.cpp">
      <Filter>Quelldateien\imgui</Filter>
    </ClCompile>
    <ClCompile Include="imgui\ImGuiFileDialog.cpp">
      <Filter>Quelldateien\imgui</Filter>
    </ClCompile>
  </ItemGroup>
  <ItemGroup>
    <Text Include="vertex.vert">
      <Filter>Quelldateien</Filter>
    </Text>
    <Text Include="raytrace.comp">
      <Filter>Quelldateien</Filter>
    </Text>
    <Text Include="compute.comp">
      <Filter>Quelldateien</Filter>
    </Text>
    <Text Include="fragment.frag">
      <Filter>Quelldateien</Filter>
    </Text>
    <Text Include="patterns.comp">
      <Filter>Quelldateien</Filter>
    </Text>
    <Text Include="plasma.comp">
      <Filter>Quelldateien</Filter>
    </Text>
  </ItemGroup>
  <ItemGroup>
    <ClInclude Include="..\include\stb_image.h">
      <Filter>Quelldateien</Filter>
    </ClInclude>
    <ClInclude Include="Camera.h">
      <Filter>Quelldateien</Filter>
    </ClInclude>
    <ClInclude Include="TextEditor.h">
      <Filter>Quelldateien</Filter>
    </ClInclude>
    <ClInclude Include="stb_image_write.h">
      <Filter>Quelldateien</Filter>
    </ClInclude>
    <ClInclude Include="Shader.h">
      <Filter>Quelldateien</Filter>
    </ClInclude>
    <ClInclude Include="ComputeShader.h">
      <Filter>Quelldateien</Filter>
    </ClInclude>
    <ClInclude Include="UI\Dialog.h">
      <Filter>Headerdateien\UI</Filter>
    </ClInclude>
    <ClInclude Include="UI\IView.h">
      <Filter>Headerdateien\UI</Filter>
    </ClInclude>
    <ClInclude Include="..\include\imconfig.h">
      <Filter>Quelldateien\imgui</Filter>
    </ClInclude>
    <ClInclude Include="imgui\imconfig.h">
      <Filter>Quelldateien\imgui</Filter>
    </ClInclude>
    <ClInclude Include="imgui\imgui.h">
      <Filter>Quelldateien\imgui</Filter>
    </ClInclude>
    <ClInclude Include="imgui\imgui_impl_glfw.h">
      <Filter>Quelldateien\imgui</Filter>
    </ClInclude>
    <ClInclude Include="imgui\imgui_impl_opengl3.h">
      <Filter>Quelldateien\imgui</Filter>
    </ClInclude>
    <ClInclude Include="imgui\imgui_impl_opengl3_loader.h">
      <Filter>Quelldateien\imgui</Filter>
    </ClInclude>
    <ClInclude Include="imgui\imgui_internal.h">
      <Filter>Quelldateien\imgui</Filter>
    </ClInclude>
    <ClInclude Include="imgui\ImGuiFileDialog.h">
      <Filter>Quelldateien\imgui</Filter>
    </ClInclude>
    <ClInclude Include="imgui\ImGuiFileDialogConfig.h">
      <Filter>Quelldateien\imgui</Filter>
    </ClInclude>
    <ClInclude Include="imgui\imstb_rectpack.h">
      <Filter>Quelldateien\imgui</Filter>
    </ClInclude>
    <ClInclude Include="imgui\imstb_textedit.h">
      <Filter>Quelldateien\imgui</Filter>
    </ClInclude>
    <ClInclude Include="imgui\imstb_truetype.h">
      <Filter>Quelldateien\imgui</Filter>
    </ClInclude>
    <ClInclude Include="UI\AbstractWindow.h">
      <Filter>Headerdateien\UI</Filter>
    </ClInclude>
    <ClInclude Include="UI\SettingsWindow.h">
      <Filter>Headerdateien\UI</Filter>
    </ClInclude>
    <ClInclude Include="WindowManager.h">
      <Filter>Headerdateien\UI</Filter>
    </ClInclude>
  </ItemGroup>
  <ItemGroup>
    <None Include="helix.comp">
      <Filter>Quelldateien</Filter>
    </None>
    <None Include="mandelbulb.comp">
      <Filter>Quelldateien</Filter>
    </None>
    <None Include="ornaments.comp">
      <Filter>Quelldateien</Filter>
    </None>
    <None Include="erosion_channel0.comp">
      <Filter>Quelldateien</Filter>
    </None>
    <None Include="erosion_channel1.comp">
      <Filter>Quelldateien</Filter>
    </None>
    <None Include="erosion.comp">
      <Filter>Quelldateien</Filter>
    </None>
    <None Include="rainforest_channel0.comp">
      <Filter>Quelldateien</Filter>
    </None>
    <None Include="rainforest.comp">
      <Filter>Quelldateien</Filter>
    </None>
    <None Include="imgui\imgui.ini">
      <Filter>Quelldateien\imgui</Filter>
    </None>
    <None Include="shaders\anotherTest.comp">
      <Filter>shaders</Filter>
    </None>
    <None Include="shaders\blah.comp">
      <Filter>shaders</Filter>
    </None>
    <None Include="shaders\blah2.comp">
      <Filter>shaders</Filter>
    </None>
    <None Include="shaders\blahblah.comp">
      <Filter>shaders</Filter>
    </None>
    <None Include="shaders\checkers.comp">
      <Filter>shaders</Filter>
    </None>
    <None Include="shaders\compute.comp">
      <Filter>shaders</Filter>
    </None>
    <None Include="shaders\erosion.comp">
      <Filter>shaders</Filter>
    </None>
    <None Include="shaders\erosion_channel0.comp">
      <Filter>shaders</Filter>
    </None>
    <None Include="shaders\erosion_channel1.comp">
      <Filter>shaders</Filter>
    </None>
    <None Include="shaders\fragment.frag">
      <Filter>shaders</Filter>
    </None>
    <None Include="shaders\helix.comp">
      <Filter>shaders</Filter>
    </None>
    <None Include="shaders\landscape.comp">
      <Filter>shaders</Filter>
    </None>
    <None Include="shaders\mandelbulb.comp">
      <Filter>shaders</Filter>
    </None>
    <None Include="shaders\ornaments.comp">
      <Filter>shaders</Filter>
    </None>
    <None Include="shaders\patterns.comp">
      <Filter>shaders</Filter>
    </None>
    <None Include="shaders\pipi.comp">
      <Filter>shaders</Filter>
    </None>
    <None Include="shaders\plasma.comp">
      <Filter>shaders</Filter>
    </None>
    <None Include="shaders\rainforest.comp">
      <Filter>shaders</Filter>
    </None>
    <None Include="shaders\rainforest_channel0.comp">
      <Filter>shaders</Filter>
    </None>
    <None Include="shaders\raymarch.comp">
      <Filter>shaders</Filter>
    </None>
    <None Include="shaders\raytrace.comp">
      <Filter>shaders</Filter>
    </None>
    <None Include="shaders\template.comp">
      <Filter>shaders</Filter>
    </None>
    <None Include="shaders\test.comp">
      <Filter>shaders</Filter>
    </None>
    <None Include="shaders\test245.comp">
      <Filter>shaders</Filter>
    </None>
    <None Include="shaders\vertex.vert">
      <Filter>shaders</Filter>
    </None>
    <None Include="functions.comp">
      <Filter>shaders</Filter>
    </None>
  </ItemGroup>
</Project>